// !$*UTF8*$!
{
	archiveVersion = 1;
	classes = {
	};
	objectVersion = 50;
	objects = {

/* Begin PBXBuildFile section */
		C78A92372248A02C0033233E /* SourceEditor.h in Headers */ = {isa = PBXBuildFile; fileRef = C78A92352248A02C0033233E /* SourceEditor.h */; settings = {ATTRIBUTES = (Public, ); }; };
		C78A923B2248A03D0033233E /* DefaultSourceCodeTheme.swift in Sources */ = {isa = PBXBuildFile; fileRef = BED4BCC2210833210068AEE3 /* DefaultSourceCodeTheme.swift */; };
		C78A923C2248A0420033233E /* SwiftLexer.swift in Sources */ = {isa = PBXBuildFile; fileRef = BED4BCBE210832A40068AEE3 /* SwiftLexer.swift */; };
		C78A923E2248A0450033233E /* SourceCodeToken.swift in Sources */ = {isa = PBXBuildFile; fileRef = BE09FBF420FFD155002BA501 /* SourceCodeToken.swift */; };
		C78A923F2248A0450033233E /* SourceCodeRegexLexer.swift in Sources */ = {isa = PBXBuildFile; fileRef = BE09FBF220FFD155002BA501 /* SourceCodeRegexLexer.swift */; };
		C78A92402248A0450033233E /* SourceCodeTheme.swift in Sources */ = {isa = PBXBuildFile; fileRef = BED4BCC0210832FC0068AEE3 /* SourceCodeTheme.swift */; };
		C78A92422248A0B60033233E /* SavannaKit.framework in Frameworks */ = {isa = PBXBuildFile; fileRef = C78A92412248A0B60033233E /* SavannaKit.framework */; };
/* End PBXBuildFile section */

/* Begin PBXFileReference section */
		BE09FBEE20FFD141002BA501 /* Info.plist */ = {isa = PBXFileReference; fileEncoding = 4; lastKnownFileType = text.plist.xml; path = Info.plist; sourceTree = "<group>"; };
		BE09FBEF20FFD141002BA501 /* SourceEditor.h */ = {isa = PBXFileReference; fileEncoding = 4; lastKnownFileType = sourcecode.c.h; path = SourceEditor.h; sourceTree = "<group>"; };
		BE09FBF220FFD155002BA501 /* SourceCodeRegexLexer.swift */ = {isa = PBXFileReference; fileEncoding = 4; lastKnownFileType = sourcecode.swift; path = SourceCodeRegexLexer.swift; sourceTree = "<group>"; };
		BE09FBF420FFD155002BA501 /* SourceCodeToken.swift */ = {isa = PBXFileReference; fileEncoding = 4; lastKnownFileType = sourcecode.swift; path = SourceCodeToken.swift; sourceTree = "<group>"; };
		BE27F55B210BAB47003FEF67 /* SavannaKit.framework */ = {isa = PBXFileReference; explicitFileType = wrapper.framework; path = SavannaKit.framework; sourceTree = BUILT_PRODUCTS_DIR; };
		BED4BCBE210832A40068AEE3 /* SwiftLexer.swift */ = {isa = PBXFileReference; lastKnownFileType = sourcecode.swift; path = SwiftLexer.swift; sourceTree = "<group>"; };
		BED4BCC0210832FC0068AEE3 /* SourceCodeTheme.swift */ = {isa = PBXFileReference; lastKnownFileType = sourcecode.swift; path = SourceCodeTheme.swift; sourceTree = "<group>"; };
		BED4BCC2210833210068AEE3 /* DefaultSourceCodeTheme.swift */ = {isa = PBXFileReference; lastKnownFileType = sourcecode.swift; path = DefaultSourceCodeTheme.swift; sourceTree = "<group>"; };
		C78A91E322489E220033233E /* SavannaKit.framework */ = {isa = PBXFileReference; explicitFileType = wrapper.framework; path = SavannaKit.framework; sourceTree = BUILT_PRODUCTS_DIR; };
		C78A92332248A02C0033233E /* SourceEditor.framework */ = {isa = PBXFileReference; explicitFileType = wrapper.framework; includeInIndex = 0; path = SourceEditor.framework; sourceTree = BUILT_PRODUCTS_DIR; };
		C78A92352248A02C0033233E /* SourceEditor.h */ = {isa = PBXFileReference; lastKnownFileType = sourcecode.c.h; path = SourceEditor.h; sourceTree = "<group>"; };
		C78A92362248A02C0033233E /* Info.plist */ = {isa = PBXFileReference; lastKnownFileType = text.plist.xml; path = Info.plist; sourceTree = "<group>"; };
		C78A92412248A0B60033233E /* SavannaKit.framework */ = {isa = PBXFileReference; explicitFileType = wrapper.framework; path = SavannaKit.framework; sourceTree = BUILT_PRODUCTS_DIR; };
/* End PBXFileReference section */

/* Begin PBXFrameworksBuildPhase section */
		C78A92302248A02C0033233E /* Frameworks */ = {
			isa = PBXFrameworksBuildPhase;
			buildActionMask = 2147483647;
			files = (
				C78A92422248A0B60033233E /* SavannaKit.framework in Frameworks */,
			);
			runOnlyForDeploymentPostprocessing = 0;
		};
/* End PBXFrameworksBuildPhase section */

/* Begin PBXGroup section */
		BE09FBD820FFCF06002BA501 = {
			isa = PBXGroup;
			children = (
				BE09FBED20FFD141002BA501 /* Sources */,
				C78A92342248A02C0033233E /* SourceEditor */,
				BE09FBE320FFCF06002BA501 /* Products */,
				BE27F55A210BAB47003FEF67 /* Frameworks */,
			);
			sourceTree = "<group>";
		};
		BE09FBE320FFCF06002BA501 /* Products */ = {
			isa = PBXGroup;
			children = (
				C78A92332248A02C0033233E /* SourceEditor.framework */,
			);
			name = Products;
			sourceTree = "<group>";
		};
		BE09FBED20FFD141002BA501 /* Sources */ = {
			isa = PBXGroup;
			children = (
				BED4BCC4210833450068AEE3 /* Themes */,
				BED4BCBD210832930068AEE3 /* Languages */,
				BE09FBF420FFD155002BA501 /* SourceCodeToken.swift */,
				BE09FBF220FFD155002BA501 /* SourceCodeRegexLexer.swift */,
				BED4BCC0210832FC0068AEE3 /* SourceCodeTheme.swift */,
				BE09FBEE20FFD141002BA501 /* Info.plist */,
				BE09FBEF20FFD141002BA501 /* SourceEditor.h */,
			);
			path = Sources;
			sourceTree = "<group>";
		};
		BE27F55A210BAB47003FEF67 /* Frameworks */ = {
			isa = PBXGroup;
			children = (
				C78A92412248A0B60033233E /* SavannaKit.framework */,
				C78A91E322489E220033233E /* SavannaKit.framework */,
				BE27F55B210BAB47003FEF67 /* SavannaKit.framework */,
			);
			name = Frameworks;
			sourceTree = "<group>";
		};
		BED4BCBD210832930068AEE3 /* Languages */ = {
			isa = PBXGroup;
			children = (
				BED4BCBE210832A40068AEE3 /* SwiftLexer.swift */,
			);
			path = Languages;
			sourceTree = "<group>";
		};
		BED4BCC4210833450068AEE3 /* Themes */ = {
			isa = PBXGroup;
			children = (
				BED4BCC2210833210068AEE3 /* DefaultSourceCodeTheme.swift */,
			);
			path = Themes;
			sourceTree = "<group>";
		};
		C78A92342248A02C0033233E /* SourceEditor */ = {
			isa = PBXGroup;
			children = (
				C78A92352248A02C0033233E /* SourceEditor.h */,
				C78A92362248A02C0033233E /* Info.plist */,
			);
			path = SourceEditor;
			sourceTree = "<group>";
		};
/* End PBXGroup section */

/* Begin PBXHeadersBuildPhase section */
		C78A922E2248A02C0033233E /* Headers */ = {
			isa = PBXHeadersBuildPhase;
			buildActionMask = 2147483647;
			files = (
				C78A92372248A02C0033233E /* SourceEditor.h in Headers */,
			);
			runOnlyForDeploymentPostprocessing = 0;
		};
/* End PBXHeadersBuildPhase section */

/* Begin PBXNativeTarget section */
		C78A92322248A02C0033233E /* SourceEditor */ = {
			isa = PBXNativeTarget;
			buildConfigurationList = C78A92382248A02C0033233E /* Build configuration list for PBXNativeTarget "SourceEditor" */;
			buildPhases = (
				C78A922E2248A02C0033233E /* Headers */,
				C78A922F2248A02C0033233E /* Sources */,
				C78A92302248A02C0033233E /* Frameworks */,
				C78A92312248A02C0033233E /* Resources */,
			);
			buildRules = (
			);
			dependencies = (
			);
			name = SourceEditor;
			productName = SourceEditor;
			productReference = C78A92332248A02C0033233E /* SourceEditor.framework */;
			productType = "com.apple.product-type.framework";
		};
/* End PBXNativeTarget section */

/* Begin PBXProject section */
		BE09FBD920FFCF06002BA501 /* Project object */ = {
			isa = PBXProject;
			attributes = {
				LastUpgradeCheck = 0940;
				ORGANIZATIONNAME = "Silver Fox";
				TargetAttributes = {
					C78A92322248A02C0033233E = {
						CreatedOnToolsVersion = 10.1;
					};
				};
			};
			buildConfigurationList = BE09FBDC20FFCF06002BA501 /* Build configuration list for PBXProject "SourceEditor" */;
			compatibilityVersion = "Xcode 9.3";
			developmentRegion = en;
			hasScannedForEncodings = 0;
			knownRegions = (
				en,
			);
			mainGroup = BE09FBD820FFCF06002BA501;
			productRefGroup = BE09FBE320FFCF06002BA501 /* Products */;
			projectDirPath = "";
			projectRoot = "";
			targets = (
				C78A92322248A02C0033233E /* SourceEditor */,
			);
		};
/* End PBXProject section */

/* Begin PBXResourcesBuildPhase section */
		C78A92312248A02C0033233E /* Resources */ = {
			isa = PBXResourcesBuildPhase;
			buildActionMask = 2147483647;
			files = (
			);
			runOnlyForDeploymentPostprocessing = 0;
		};
/* End PBXResourcesBuildPhase section */

/* Begin PBXSourcesBuildPhase section */
		C78A922F2248A02C0033233E /* Sources */ = {
			isa = PBXSourcesBuildPhase;
			buildActionMask = 2147483647;
			files = (
				C78A923C2248A0420033233E /* SwiftLexer.swift in Sources */,
				C78A92402248A0450033233E /* SourceCodeTheme.swift in Sources */,
				C78A923E2248A0450033233E /* SourceCodeToken.swift in Sources */,
				C78A923B2248A03D0033233E /* DefaultSourceCodeTheme.swift in Sources */,
				C78A923F2248A0450033233E /* SourceCodeRegexLexer.swift in Sources */,
			);
			runOnlyForDeploymentPostprocessing = 0;
		};
/* End PBXSourcesBuildPhase section */

/* Begin XCBuildConfiguration section */
		BE09FBE820FFCF06002BA501 /* Debug */ = {
			isa = XCBuildConfiguration;
			buildSettings = {
				ALWAYS_SEARCH_USER_PATHS = NO;
				CLANG_ANALYZER_NONNULL = YES;
				CLANG_ANALYZER_NUMBER_OBJECT_CONVERSION = YES_AGGRESSIVE;
				CLANG_CXX_LANGUAGE_STANDARD = "gnu++14";
				CLANG_CXX_LIBRARY = "libc++";
				CLANG_ENABLE_MODULES = YES;
				CLANG_ENABLE_OBJC_ARC = YES;
				CLANG_ENABLE_OBJC_WEAK = YES;
				CLANG_WARN_BLOCK_CAPTURE_AUTORELEASING = YES;
				CLANG_WARN_BOOL_CONVERSION = YES;
				CLANG_WARN_COMMA = YES;
				CLANG_WARN_CONSTANT_CONVERSION = YES;
				CLANG_WARN_DEPRECATED_OBJC_IMPLEMENTATIONS = YES;
				CLANG_WARN_DIRECT_OBJC_ISA_USAGE = YES_ERROR;
				CLANG_WARN_DOCUMENTATION_COMMENTS = YES;
				CLANG_WARN_EMPTY_BODY = YES;
				CLANG_WARN_ENUM_CONVERSION = YES;
				CLANG_WARN_INFINITE_RECURSION = YES;
				CLANG_WARN_INT_CONVERSION = YES;
				CLANG_WARN_NON_LITERAL_NULL_CONVERSION = YES;
				CLANG_WARN_OBJC_IMPLICIT_RETAIN_SELF = YES;
				CLANG_WARN_OBJC_LITERAL_CONVERSION = YES;
				CLANG_WARN_OBJC_ROOT_CLASS = YES_ERROR;
				CLANG_WARN_RANGE_LOOP_ANALYSIS = YES;
				CLANG_WARN_STRICT_PROTOTYPES = YES;
				CLANG_WARN_SUSPICIOUS_MOVE = YES;
				CLANG_WARN_UNGUARDED_AVAILABILITY = YES_AGGRESSIVE;
				CLANG_WARN_UNREACHABLE_CODE = YES;
				CLANG_WARN__DUPLICATE_METHOD_MATCH = YES;
				CODE_SIGN_IDENTITY = "iPhone Developer";
				COPY_PHASE_STRIP = NO;
				CURRENT_PROJECT_VERSION = 1;
				DEBUG_INFORMATION_FORMAT = dwarf;
				ENABLE_STRICT_OBJC_MSGSEND = YES;
				ENABLE_TESTABILITY = YES;
				GCC_C_LANGUAGE_STANDARD = gnu11;
				GCC_DYNAMIC_NO_PIC = NO;
				GCC_NO_COMMON_BLOCKS = YES;
				GCC_OPTIMIZATION_LEVEL = 0;
				GCC_PREPROCESSOR_DEFINITIONS = (
					"DEBUG=1",
					"$(inherited)",
				);
				GCC_WARN_64_TO_32_BIT_CONVERSION = YES;
				GCC_WARN_ABOUT_RETURN_TYPE = YES_ERROR;
				GCC_WARN_UNDECLARED_SELECTOR = YES;
				GCC_WARN_UNINITIALIZED_AUTOS = YES_AGGRESSIVE;
				GCC_WARN_UNUSED_FUNCTION = YES;
				GCC_WARN_UNUSED_VARIABLE = YES;
				IPHONEOS_DEPLOYMENT_TARGET = 11.0;
				MTL_ENABLE_DEBUG_INFO = YES;
				ONLY_ACTIVE_ARCH = YES;
				SDKROOT = iphoneos;
				SWIFT_ACTIVE_COMPILATION_CONDITIONS = DEBUG;
				SWIFT_OPTIMIZATION_LEVEL = "-Onone";
				VERSIONING_SYSTEM = "apple-generic";
				VERSION_INFO_PREFIX = "";
			};
			name = Debug;
		};
		BE09FBE920FFCF06002BA501 /* Release */ = {
			isa = XCBuildConfiguration;
			buildSettings = {
				ALWAYS_SEARCH_USER_PATHS = NO;
				CLANG_ANALYZER_NONNULL = YES;
				CLANG_ANALYZER_NUMBER_OBJECT_CONVERSION = YES_AGGRESSIVE;
				CLANG_CXX_LANGUAGE_STANDARD = "gnu++14";
				CLANG_CXX_LIBRARY = "libc++";
				CLANG_ENABLE_MODULES = YES;
				CLANG_ENABLE_OBJC_ARC = YES;
				CLANG_ENABLE_OBJC_WEAK = YES;
				CLANG_WARN_BLOCK_CAPTURE_AUTORELEASING = YES;
				CLANG_WARN_BOOL_CONVERSION = YES;
				CLANG_WARN_COMMA = YES;
				CLANG_WARN_CONSTANT_CONVERSION = YES;
				CLANG_WARN_DEPRECATED_OBJC_IMPLEMENTATIONS = YES;
				CLANG_WARN_DIRECT_OBJC_ISA_USAGE = YES_ERROR;
				CLANG_WARN_DOCUMENTATION_COMMENTS = YES;
				CLANG_WARN_EMPTY_BODY = YES;
				CLANG_WARN_ENUM_CONVERSION = YES;
				CLANG_WARN_INFINITE_RECURSION = YES;
				CLANG_WARN_INT_CONVERSION = YES;
				CLANG_WARN_NON_LITERAL_NULL_CONVERSION = YES;
				CLANG_WARN_OBJC_IMPLICIT_RETAIN_SELF = YES;
				CLANG_WARN_OBJC_LITERAL_CONVERSION = YES;
				CLANG_WARN_OBJC_ROOT_CLASS = YES_ERROR;
				CLANG_WARN_RANGE_LOOP_ANALYSIS = YES;
				CLANG_WARN_STRICT_PROTOTYPES = YES;
				CLANG_WARN_SUSPICIOUS_MOVE = YES;
				CLANG_WARN_UNGUARDED_AVAILABILITY = YES_AGGRESSIVE;
				CLANG_WARN_UNREACHABLE_CODE = YES;
				CLANG_WARN__DUPLICATE_METHOD_MATCH = YES;
				CODE_SIGN_IDENTITY = "iPhone Developer";
				COPY_PHASE_STRIP = NO;
				CURRENT_PROJECT_VERSION = 1;
				DEBUG_INFORMATION_FORMAT = "dwarf-with-dsym";
				ENABLE_NS_ASSERTIONS = NO;
				ENABLE_STRICT_OBJC_MSGSEND = YES;
				GCC_C_LANGUAGE_STANDARD = gnu11;
				GCC_NO_COMMON_BLOCKS = YES;
				GCC_WARN_64_TO_32_BIT_CONVERSION = YES;
				GCC_WARN_ABOUT_RETURN_TYPE = YES_ERROR;
				GCC_WARN_UNDECLARED_SELECTOR = YES;
				GCC_WARN_UNINITIALIZED_AUTOS = YES_AGGRESSIVE;
				GCC_WARN_UNUSED_FUNCTION = YES;
				GCC_WARN_UNUSED_VARIABLE = YES;
				IPHONEOS_DEPLOYMENT_TARGET = 11.0;
				MTL_ENABLE_DEBUG_INFO = NO;
				SDKROOT = iphoneos;
				SWIFT_COMPILATION_MODE = wholemodule;
				SWIFT_OPTIMIZATION_LEVEL = "-O";
				VALIDATE_PRODUCT = YES;
				VERSIONING_SYSTEM = "apple-generic";
				VERSION_INFO_PREFIX = "";
			};
			name = Release;
		};
		C78A92392248A02C0033233E /* Debug */ = {
			isa = XCBuildConfiguration;
			buildSettings = {
				CODE_SIGN_IDENTITY = "Mac Developer";
				CODE_SIGN_STYLE = Automatic;
				COMBINE_HIDPI_IMAGES = YES;
				DEFINES_MODULE = YES;
				DEVELOPMENT_TEAM = QS2K96ZEMY;
				DYLIB_COMPATIBILITY_VERSION = 1;
				DYLIB_CURRENT_VERSION = 1;
				DYLIB_INSTALL_NAME_BASE = "@rpath";
				FRAMEWORK_VERSION = A;
				INFOPLIST_FILE = SourceEditor/Info.plist;
				INSTALL_PATH = "$(LOCAL_LIBRARY_DIR)/Frameworks";
				LD_RUNPATH_SEARCH_PATHS = (
					"$(inherited)",
					"@executable_path/../Frameworks",
					"@loader_path/Frameworks",
				);
				MACOSX_DEPLOYMENT_TARGET = 10.13;
				MTL_ENABLE_DEBUG_INFO = INCLUDE_SOURCE;
				MTL_FAST_MATH = YES;
				PRODUCT_BUNDLE_IDENTIFIER = app.composite.SourceEditor;
				PRODUCT_NAME = "$(TARGET_NAME:c99extidentifier)";
				SDKROOT = macosx;
				SKIP_INSTALL = YES;
				SWIFT_VERSION = 4.2;
			};
			name = Debug;
		};
		C78A923A2248A02C0033233E /* Release */ = {
			isa = XCBuildConfiguration;
			buildSettings = {
				CODE_SIGN_IDENTITY = "Mac Developer";
				CODE_SIGN_STYLE = Automatic;
				COMBINE_HIDPI_IMAGES = YES;
				DEFINES_MODULE = YES;
				DEVELOPMENT_TEAM = QS2K96ZEMY;
				DYLIB_COMPATIBILITY_VERSION = 1;
				DYLIB_CURRENT_VERSION = 1;
				DYLIB_INSTALL_NAME_BASE = "@rpath";
				FRAMEWORK_VERSION = A;
				INFOPLIST_FILE = SourceEditor/Info.plist;
				INSTALL_PATH = "$(LOCAL_LIBRARY_DIR)/Frameworks";
				LD_RUNPATH_SEARCH_PATHS = (
					"$(inherited)",
					"@executable_path/../Frameworks",
					"@loader_path/Frameworks",
				);
				MACOSX_DEPLOYMENT_TARGET = 10.13;
				MTL_FAST_MATH = YES;
				PRODUCT_BUNDLE_IDENTIFIER = app.composite.SourceEditor;
				PRODUCT_NAME = "$(TARGET_NAME:c99extidentifier)";
				SDKROOT = macosx;
				SKIP_INSTALL = YES;
				SWIFT_VERSION = 4.2;
			};
			name = Release;
		};
/* End XCBuildConfiguration section */

/* Begin XCConfigurationList section */
		BE09FBDC20FFCF06002BA501 /* Build configuration list for PBXProject "SourceEditor" */ = {
			isa = XCConfigurationList;
			buildConfigurations = (
				BE09FBE820FFCF06002BA501 /* Debug */,
				BE09FBE920FFCF06002BA501 /* Release */,
			);
			defaultConfigurationIsVisible = 0;
			defaultConfigurationName = Release;
		};
		C78A92382248A02C0033233E /* Build configuration list for PBXNativeTarget "SourceEditor" */ = {
			isa = XCConfigurationList;
			buildConfigurations = (
				C78A92392248A02C0033233E /* Debug */,
				C78A923A2248A02C0033233E /* Release */,
			);
			defaultConfigurationIsVisible = 0;
			defaultConfigurationName = Release;
		};
/* End XCConfigurationList section */
	};
	rootObject = BE09FBD920FFCF06002BA501 /* Project object */;
}
